
Microsoft Visual Studio Solution File, Format Version 12.00
# Visual Studio 15
VisualStudioVersion = 15.0.28307.329
MinimumVisualStudioVersion = 10.0.40219.1
Project("{FAE04EC0-301F-11D3-BF4B-00C04F79EFBC}") = "XO", "XO\XO.csproj", "{433131A2-ABD0-468D-8F1C-EA762BF3412E}"
EndProject
Global
	GlobalSection(SolutionConfigurationPlatforms) = preSolution
		Debug|Any CPU = Debug|Any CPU
		Release|Any CPU = Release|Any CPU
	EndGlobalSection
	GlobalSection(ProjectConfigurationPlatforms) = postSolution
		{433131A2-ABD0-468D-8F1C-EA762BF3412E}.Debug|Any CPU.ActiveCfg = Debug|Any CPU
		{433131A2-ABD0-468D-8F1C-EA762BF3412E}.Debug|Any CPU.Build.0 = Debug|Any CPU
		{433131A2-ABD0-468D-8F1C-EA762BF3412E}.Release|Any CPU.ActiveCfg = Release|Any CPU
		{433131A2-ABD0-468D-8F1C-EA762BF3412E}.Release|Any CPU.Build.0 = Release|Any CPU
	EndGlobalSection
	GlobalSection(SolutionProperties) = preSolution
		HideSolutionNode = FALSE
	EndGlobalSection
	GlobalSection(ExtensibilityGlobals) = postSolution
		SolutionGuid = {7864776E-6350-468B-B9FD-3649B82ED0F5}
	EndGlobalSection
EndGlobal
